
Microsoft Visual Studio Solution File, Format Version 12.00
# Visual Studio 14
VisualStudioVersion = 14.0.25420.1
MinimumVisualStudioVersion = 10.0.40219.1
Project("{FAE04EC0-301F-11D3-BF4B-00C04F79EFBC}") = "cardGame", "cardGame\cardGame.csproj", "{1A6C663A-9F9B-4071-8BA3-2A55DEEA70FC}"
EndProject
Global
	GlobalSection(SolutionConfigurationPlatforms) = preSolution
		Debug|Any CPU = Debug|Any CPU
		Release|Any CPU = Release|Any CPU
	EndGlobalSection
	GlobalSection(ProjectConfigurationPlatforms) = postSolution
		{1A6C663A-9F9B-4071-8BA3-2A55DEEA70FC}.Debug|Any CPU.ActiveCfg = Debug|Any CPU
		{1A6C663A-9F9B-4071-8BA3-2A55DEEA70FC}.Debug|Any CPU.Build.0 = Debug|Any CPU
		{1A6C663A-9F9B-4071-8BA3-2A55DEEA70FC}.Release|Any CPU.ActiveCfg = Release|Any CPU
		{1A6C663A-9F9B-4071-8BA3-2A55DEEA70FC}.Release|Any CPU.Build.0 = Release|Any CPU
	EndGlobalSection
	GlobalSection(SolutionProperties) = preSolution
		HideSolutionNode = FALSE
	EndGlobalSection
EndGlobal
